// !$*UTF8*$!
{
	archiveVersion = 1;
	classes = {
	};
	objectVersion = 50;
	objects = {

/* Begin PBXBuildFile section */
		397E6B7B4732978FCD8FC630 /* Pods_VDPlayer.framework in Frameworks */ = {isa = PBXBuildFile; fileRef = 48FA1F6FAAACDB662B2698A4 /* Pods_VDPlayer.framework */; };
		76428E69225497260070E5F8 /* VDPortraitControlView.swift in Sources */ = {isa = PBXBuildFile; fileRef = 76428E68225497260070E5F8 /* VDPortraitControlView.swift */; };
		76428E6B225497830070E5F8 /* VDPlayerControlView.swift in Sources */ = {isa = PBXBuildFile; fileRef = 76428E6A225497830070E5F8 /* VDPlayerControlView.swift */; };
		76AE064622544950005081D5 /* VDPlayer.bundle in Resources */ = {isa = PBXBuildFile; fileRef = 76AE064522544950005081D5 /* VDPlayer.bundle */; };
		76AE06482254554F005081D5 /* VDPlayerControlProtocol.swift in Sources */ = {isa = PBXBuildFile; fileRef = 76AE06472254554F005081D5 /* VDPlayerControlProtocol.swift */; };
		76B3BF1F22539DEC0043F8FB /* AppDelegate.swift in Sources */ = {isa = PBXBuildFile; fileRef = 76B3BF1E22539DEC0043F8FB /* AppDelegate.swift */; };
		76B3BF2122539DEC0043F8FB /* ViewController.swift in Sources */ = {isa = PBXBuildFile; fileRef = 76B3BF2022539DEC0043F8FB /* ViewController.swift */; };
		76B3BF2422539DEC0043F8FB /* Main.storyboard in Resources */ = {isa = PBXBuildFile; fileRef = 76B3BF2222539DEC0043F8FB /* Main.storyboard */; };
		76B3BF2622539DEC0043F8FB /* Assets.xcassets in Resources */ = {isa = PBXBuildFile; fileRef = 76B3BF2522539DEC0043F8FB /* Assets.xcassets */; };
		76B3BF2922539DEC0043F8FB /* LaunchScreen.storyboard in Resources */ = {isa = PBXBuildFile; fileRef = 76B3BF2722539DEC0043F8FB /* LaunchScreen.storyboard */; };
		76B3BF3222539F840043F8FB /* VDPlayerConfig.swift in Sources */ = {isa = PBXBuildFile; fileRef = 76B3BF3122539F840043F8FB /* VDPlayerConfig.swift */; };
		76B3BF3422539F8C0043F8FB /* VDPlayerManager.swift in Sources */ = {isa = PBXBuildFile; fileRef = 76B3BF3322539F8C0043F8FB /* VDPlayerManager.swift */; };
		76B3BF3622539FF20043F8FB /* VDPlayerView.swift in Sources */ = {isa = PBXBuildFile; fileRef = 76B3BF3522539FF20043F8FB /* VDPlayerView.swift */; };
		76B3BF382253A0410043F8FB /* VDPlayerGestureControl.swift in Sources */ = {isa = PBXBuildFile; fileRef = 76B3BF372253A0410043F8FB /* VDPlayerGestureControl.swift */; };
		76B3BF3D2253A2880043F8FB /* VDPlayerExtensions.swift in Sources */ = {isa = PBXBuildFile; fileRef = 76B3BF3C2253A2880043F8FB /* VDPlayerExtensions.swift */; };
		76B3BF3F2253A3180043F8FB /* VDUIManager.swift in Sources */ = {isa = PBXBuildFile; fileRef = 76B3BF3E2253A3180043F8FB /* VDUIManager.swift */; };
		76B3BF412253A4AA0043F8FB /* VDPlayerPlayBackProtocol.swift in Sources */ = {isa = PBXBuildFile; fileRef = 76B3BF402253A4AA0043F8FB /* VDPlayerPlayBackProtocol.swift */; };
		76B3BF432253ADD30043F8FB /* VDVLCPlayerControll.swift in Sources */ = {isa = PBXBuildFile; fileRef = 76B3BF422253ADD30043F8FB /* VDVLCPlayerControll.swift */; };
		76B3BF532253C2810043F8FB /* VDPlayer.swift in Sources */ = {isa = PBXBuildFile; fileRef = 76B3BF522253C2810043F8FB /* VDPlayer.swift */; };
		76B3BF552253C3560043F8FB /* VDLandScapeControlView.swift in Sources */ = {isa = PBXBuildFile; fileRef = 76B3BF542253C3560043F8FB /* VDLandScapeControlView.swift */; };
		76E69BA3225A5D4600205D4B /* VDPlayerOrientationObserver.swift in Sources */ = {isa = PBXBuildFile; fileRef = 76E69BA2225A5D4600205D4B /* VDPlayerOrientationObserver.swift */; };
/* End PBXBuildFile section */

/* Begin PBXFileReference section */
		48FA1F6FAAACDB662B2698A4 /* Pods_VDPlayer.framework */ = {isa = PBXFileReference; explicitFileType = wrapper.framework; includeInIndex = 0; path = Pods_VDPlayer.framework; sourceTree = BUILT_PRODUCTS_DIR; };
		76346157225CE31200EA2C48 /* VDPlayer-Bridging-Header.h */ = {isa = PBXFileReference; lastKnownFileType = sourcecode.c.h; path = "VDPlayer-Bridging-Header.h"; sourceTree = "<group>"; };
		76428E68225497260070E5F8 /* VDPortraitControlView.swift */ = {isa = PBXFileReference; lastKnownFileType = sourcecode.swift; path = VDPortraitControlView.swift; sourceTree = "<group>"; };
		76428E6A225497830070E5F8 /* VDPlayerControlView.swift */ = {isa = PBXFileReference; lastKnownFileType = sourcecode.swift; path = VDPlayerControlView.swift; sourceTree = "<group>"; };
		76AE064522544950005081D5 /* VDPlayer.bundle */ = {isa = PBXFileReference; lastKnownFileType = "wrapper.plug-in"; path = VDPlayer.bundle; sourceTree = "<group>"; };
		76AE06472254554F005081D5 /* VDPlayerControlProtocol.swift */ = {isa = PBXFileReference; lastKnownFileType = sourcecode.swift; path = VDPlayerControlProtocol.swift; sourceTree = "<group>"; };
		76B3BF1B22539DEC0043F8FB /* VDPlayer.app */ = {isa = PBXFileReference; explicitFileType = wrapper.application; includeInIndex = 0; path = VDPlayer.app; sourceTree = BUILT_PRODUCTS_DIR; };
		76B3BF1E22539DEC0043F8FB /* AppDelegate.swift */ = {isa = PBXFileReference; lastKnownFileType = sourcecode.swift; path = AppDelegate.swift; sourceTree = "<group>"; };
		76B3BF2022539DEC0043F8FB /* ViewController.swift */ = {isa = PBXFileReference; lastKnownFileType = sourcecode.swift; path = ViewController.swift; sourceTree = "<group>"; };
		76B3BF2322539DEC0043F8FB /* Base */ = {isa = PBXFileReference; lastKnownFileType = file.storyboard; name = Base; path = Base.lproj/Main.storyboard; sourceTree = "<group>"; };
		76B3BF2522539DEC0043F8FB /* Assets.xcassets */ = {isa = PBXFileReference; lastKnownFileType = folder.assetcatalog; path = Assets.xcassets; sourceTree = "<group>"; };
		76B3BF2822539DEC0043F8FB /* Base */ = {isa = PBXFileReference; lastKnownFileType = file.storyboard; name = Base; path = Base.lproj/LaunchScreen.storyboard; sourceTree = "<group>"; };
		76B3BF2A22539DEC0043F8FB /* Info.plist */ = {isa = PBXFileReference; lastKnownFileType = text.plist.xml; path = Info.plist; sourceTree = "<group>"; };
		76B3BF3122539F840043F8FB /* VDPlayerConfig.swift */ = {isa = PBXFileReference; lastKnownFileType = sourcecode.swift; path = VDPlayerConfig.swift; sourceTree = "<group>"; };
		76B3BF3322539F8C0043F8FB /* VDPlayerManager.swift */ = {isa = PBXFileReference; lastKnownFileType = sourcecode.swift; path = VDPlayerManager.swift; sourceTree = "<group>"; };
		76B3BF3522539FF20043F8FB /* VDPlayerView.swift */ = {isa = PBXFileReference; lastKnownFileType = sourcecode.swift; path = VDPlayerView.swift; sourceTree = "<group>"; };
		76B3BF372253A0410043F8FB /* VDPlayerGestureControl.swift */ = {isa = PBXFileReference; lastKnownFileType = sourcecode.swift; path = VDPlayerGestureControl.swift; sourceTree = "<group>"; };
		76B3BF3C2253A2880043F8FB /* VDPlayerExtensions.swift */ = {isa = PBXFileReference; lastKnownFileType = sourcecode.swift; path = VDPlayerExtensions.swift; sourceTree = "<group>"; };
		76B3BF3E2253A3180043F8FB /* VDUIManager.swift */ = {isa = PBXFileReference; fileEncoding = 4; lastKnownFileType = sourcecode.swift; path = VDUIManager.swift; sourceTree = "<group>"; };
		76B3BF402253A4AA0043F8FB /* VDPlayerPlayBackProtocol.swift */ = {isa = PBXFileReference; lastKnownFileType = sourcecode.swift; path = VDPlayerPlayBackProtocol.swift; sourceTree = "<group>"; };
		76B3BF422253ADD30043F8FB /* VDVLCPlayerControll.swift */ = {isa = PBXFileReference; lastKnownFileType = sourcecode.swift; path = VDVLCPlayerControll.swift; sourceTree = "<group>"; };
		76B3BF4A2253BC780043F8FB /* VLCConstants.h */ = {isa = PBXFileReference; lastKnownFileType = sourcecode.c.h; path = VLCConstants.h; sourceTree = "<group>"; };
		76B3BF522253C2810043F8FB /* VDPlayer.swift */ = {isa = PBXFileReference; lastKnownFileType = sourcecode.swift; path = VDPlayer.swift; sourceTree = "<group>"; };
		76B3BF542253C3560043F8FB /* VDLandScapeControlView.swift */ = {isa = PBXFileReference; lastKnownFileType = sourcecode.swift; path = VDLandScapeControlView.swift; sourceTree = "<group>"; };
		76E69BA2225A5D4600205D4B /* VDPlayerOrientationObserver.swift */ = {isa = PBXFileReference; lastKnownFileType = sourcecode.swift; path = VDPlayerOrientationObserver.swift; sourceTree = "<group>"; };
		AE5556DCD3845A92098471FD /* Pods-VDPlayer.debug.xcconfig */ = {isa = PBXFileReference; includeInIndex = 1; lastKnownFileType = text.xcconfig; name = "Pods-VDPlayer.debug.xcconfig"; path = "Target Support Files/Pods-VDPlayer/Pods-VDPlayer.debug.xcconfig"; sourceTree = "<group>"; };
		EE0B3015BC3E3596FF3D6656 /* Pods-VDPlayer.release.xcconfig */ = {isa = PBXFileReference; includeInIndex = 1; lastKnownFileType = text.xcconfig; name = "Pods-VDPlayer.release.xcconfig"; path = "Target Support Files/Pods-VDPlayer/Pods-VDPlayer.release.xcconfig"; sourceTree = "<group>"; };
/* End PBXFileReference section */

/* Begin PBXFrameworksBuildPhase section */
		76B3BF1822539DEC0043F8FB /* Frameworks */ = {
			isa = PBXFrameworksBuildPhase;
			buildActionMask = 2147483647;
			files = (
				397E6B7B4732978FCD8FC630 /* Pods_VDPlayer.framework in Frameworks */,
			);
			runOnlyForDeploymentPostprocessing = 0;
		};
/* End PBXFrameworksBuildPhase section */

/* Begin PBXGroup section */
		76B3BF1222539DEC0043F8FB = {
			isa = PBXGroup;
			children = (
				76B3BF3022539E4F0043F8FB /* VDPlayer */,
				76B3BF1D22539DEC0043F8FB /* Demo */,
				76B3BF1C22539DEC0043F8FB /* Products */,
				E20A83AC72209A96C8A5252B /* Pods */,
				9F41180C8A3E84ACFCCD7EED /* Frameworks */,
			);
			sourceTree = "<group>";
		};
		76B3BF1C22539DEC0043F8FB /* Products */ = {
			isa = PBXGroup;
			children = (
				76B3BF1B22539DEC0043F8FB /* VDPlayer.app */,
			);
			name = Products;
			sourceTree = "<group>";
		};
		76B3BF1D22539DEC0043F8FB /* Demo */ = {
			isa = PBXGroup;
			children = (
				76B3BF1E22539DEC0043F8FB /* AppDelegate.swift */,
				76B3BF2022539DEC0043F8FB /* ViewController.swift */,
				76B3BF2222539DEC0043F8FB /* Main.storyboard */,
				76B3BF2522539DEC0043F8FB /* Assets.xcassets */,
				76B3BF2722539DEC0043F8FB /* LaunchScreen.storyboard */,
				76B3BF2A22539DEC0043F8FB /* Info.plist */,
			);
			path = Demo;
			sourceTree = "<group>";
		};
		76B3BF3022539E4F0043F8FB /* VDPlayer */ = {
			isa = PBXGroup;
			children = (
				76B3BF4E2253BF290043F8FB /* Core */,
				76B3BF4D2253BF1E0043F8FB /* Other */,
				76B3BF4C2253BF120043F8FB /* ControllPannel */,
				76B3BF4B2253BEF70043F8FB /* VLCPlayer */,
			);
			path = VDPlayer;
			sourceTree = "<group>";
		};
		76B3BF4B2253BEF70043F8FB /* VLCPlayer */ = {
			isa = PBXGroup;
			children = (
				76B3BF422253ADD30043F8FB /* VDVLCPlayerControll.swift */,
				76B3BF4A2253BC780043F8FB /* VLCConstants.h */,
			);
			path = VLCPlayer;
			sourceTree = "<group>";
		};
		76B3BF4C2253BF120043F8FB /* ControllPannel */ = {
			isa = PBXGroup;
			children = (
				76AE06472254554F005081D5 /* VDPlayerControlProtocol.swift */,
				76428E6A225497830070E5F8 /* VDPlayerControlView.swift */,
				76428E68225497260070E5F8 /* VDPortraitControlView.swift */,
				76B3BF542253C3560043F8FB /* VDLandScapeControlView.swift */,
				76AE064522544950005081D5 /* VDPlayer.bundle */,
			);
			path = ControllPannel;
			sourceTree = "<group>";
		};
		76B3BF4D2253BF1E0043F8FB /* Other */ = {
			isa = PBXGroup;
			children = (
				76B3BF3E2253A3180043F8FB /* VDUIManager.swift */,
				76B3BF3C2253A2880043F8FB /* VDPlayerExtensions.swift */,
			);
			path = Other;
			sourceTree = "<group>";
		};
		76B3BF4E2253BF290043F8FB /* Core */ = {
			isa = PBXGroup;
			children = (
				76B3BF402253A4AA0043F8FB /* VDPlayerPlayBackProtocol.swift */,
				76B3BF372253A0410043F8FB /* VDPlayerGestureControl.swift */,
				76E69BA2225A5D4600205D4B /* VDPlayerOrientationObserver.swift */,
				76B3BF3322539F8C0043F8FB /* VDPlayerManager.swift */,
				76B3BF3122539F840043F8FB /* VDPlayerConfig.swift */,
				76B3BF522253C2810043F8FB /* VDPlayer.swift */,
				76B3BF3522539FF20043F8FB /* VDPlayerView.swift */,
				76346157225CE31200EA2C48 /* VDPlayer-Bridging-Header.h */,
			);
			path = Core;
			sourceTree = "<group>";
		};
		9F41180C8A3E84ACFCCD7EED /* Frameworks */ = {
			isa = PBXGroup;
			children = (
				48FA1F6FAAACDB662B2698A4 /* Pods_VDPlayer.framework */,
			);
			name = Frameworks;
			sourceTree = "<group>";
		};
		E20A83AC72209A96C8A5252B /* Pods */ = {
			isa = PBXGroup;
			children = (
				AE5556DCD3845A92098471FD /* Pods-VDPlayer.debug.xcconfig */,
				EE0B3015BC3E3596FF3D6656 /* Pods-VDPlayer.release.xcconfig */,
			);
			path = Pods;
			sourceTree = "<group>";
		};
/* End PBXGroup section */

/* Begin PBXNativeTarget section */
		76B3BF1A22539DEC0043F8FB /* VDPlayer */ = {
			isa = PBXNativeTarget;
			buildConfigurationList = 76B3BF2D22539DEC0043F8FB /* Build configuration list for PBXNativeTarget "VDPlayer" */;
			buildPhases = (
				9156B90F2989731FC84BCF4D /* [CP] Check Pods Manifest.lock */,
				76B3BF1722539DEC0043F8FB /* Sources */,
				76B3BF1822539DEC0043F8FB /* Frameworks */,
				76B3BF1922539DEC0043F8FB /* Resources */,
			);
			buildRules = (
			);
			dependencies = (
			);
			name = VDPlayer;
			productName = VDPlayer;
			productReference = 76B3BF1B22539DEC0043F8FB /* VDPlayer.app */;
			productType = "com.apple.product-type.application";
		};
/* End PBXNativeTarget section */

/* Begin PBXProject section */
		76B3BF1322539DEC0043F8FB /* Project object */ = {
			isa = PBXProject;
			attributes = {
				CLASSPREFIX = VD;
				LastSwiftUpdateCheck = 1010;
				LastUpgradeCheck = 1010;
				ORGANIZATIONNAME = vvard3n;
				TargetAttributes = {
					76B3BF1A22539DEC0043F8FB = {
						CreatedOnToolsVersion = 10.1;
						LastSwiftMigration = 1010;
					};
				};
			};
			buildConfigurationList = 76B3BF1622539DEC0043F8FB /* Build configuration list for PBXProject "VDPlayer" */;
			compatibilityVersion = "Xcode 9.3";
			developmentRegion = en;
			hasScannedForEncodings = 0;
			knownRegions = (
				en,
				Base,
			);
			mainGroup = 76B3BF1222539DEC0043F8FB;
			productRefGroup = 76B3BF1C22539DEC0043F8FB /* Products */;
			projectDirPath = "";
			projectRoot = "";
			targets = (
				76B3BF1A22539DEC0043F8FB /* VDPlayer */,
			);
		};
/* End PBXProject section */

/* Begin PBXResourcesBuildPhase section */
		76B3BF1922539DEC0043F8FB /* Resources */ = {
			isa = PBXResourcesBuildPhase;
			buildActionMask = 2147483647;
			files = (
				76B3BF2922539DEC0043F8FB /* LaunchScreen.storyboard in Resources */,
				76B3BF2622539DEC0043F8FB /* Assets.xcassets in Resources */,
				76AE064622544950005081D5 /* VDPlayer.bundle in Resources */,
				76B3BF2422539DEC0043F8FB /* Main.storyboard in Resources */,
			);
			runOnlyForDeploymentPostprocessing = 0;
		};
/* End PBXResourcesBuildPhase section */

/* Begin PBXShellScriptBuildPhase section */
		9156B90F2989731FC84BCF4D /* [CP] Check Pods Manifest.lock */ = {
			isa = PBXShellScriptBuildPhase;
			buildActionMask = 2147483647;
			files = (
			);
			inputFileListPaths = (
			);
			inputPaths = (
				"${PODS_PODFILE_DIR_PATH}/Podfile.lock",
				"${PODS_ROOT}/Manifest.lock",
			);
			name = "[CP] Check Pods Manifest.lock";
			outputFileListPaths = (
			);
			outputPaths = (
				"$(DERIVED_FILE_DIR)/Pods-VDPlayer-checkManifestLockResult.txt",
			);
			runOnlyForDeploymentPostprocessing = 0;
			shellPath = /bin/sh;
			shellScript = "diff \"${PODS_PODFILE_DIR_PATH}/Podfile.lock\" \"${PODS_ROOT}/Manifest.lock\" > /dev/null\nif [ $? != 0 ] ; then\n    # print error to STDERR\n    echo \"error: The sandbox is not in sync with the Podfile.lock. Run 'pod install' or update your CocoaPods installation.\" >&2\n    exit 1\nfi\n# This output is used by Xcode 'outputs' to avoid re-running this script phase.\necho \"SUCCESS\" > \"${SCRIPT_OUTPUT_FILE_0}\"\n";
			showEnvVarsInLog = 0;
		};
/* End PBXShellScriptBuildPhase section */

/* Begin PBXSourcesBuildPhase section */
		76B3BF1722539DEC0043F8FB /* Sources */ = {
			isa = PBXSourcesBuildPhase;
			buildActionMask = 2147483647;
			files = (
				76428E6B225497830070E5F8 /* VDPlayerControlView.swift in Sources */,
				76B3BF2122539DEC0043F8FB /* ViewController.swift in Sources */,
				76428E69225497260070E5F8 /* VDPortraitControlView.swift in Sources */,
				76B3BF532253C2810043F8FB /* VDPlayer.swift in Sources */,
				76AE06482254554F005081D5 /* VDPlayerControlProtocol.swift in Sources */,
				76E69BA3225A5D4600205D4B /* VDPlayerOrientationObserver.swift in Sources */,
				76B3BF3622539FF20043F8FB /* VDPlayerView.swift in Sources */,
				76B3BF552253C3560043F8FB /* VDLandScapeControlView.swift in Sources */,
				76B3BF382253A0410043F8FB /* VDPlayerGestureControl.swift in Sources */,
				76B3BF3D2253A2880043F8FB /* VDPlayerExtensions.swift in Sources */,
				76B3BF432253ADD30043F8FB /* VDVLCPlayerControll.swift in Sources */,
				76B3BF3222539F840043F8FB /* VDPlayerConfig.swift in Sources */,
				76B3BF3422539F8C0043F8FB /* VDPlayerManager.swift in Sources */,
				76B3BF1F22539DEC0043F8FB /* AppDelegate.swift in Sources */,
				76B3BF412253A4AA0043F8FB /* VDPlayerPlayBackProtocol.swift in Sources */,
				76B3BF3F2253A3180043F8FB /* VDUIManager.swift in Sources */,
			);
			runOnlyForDeploymentPostprocessing = 0;
		};
/* End PBXSourcesBuildPhase section */

/* Begin PBXVariantGroup section */
		76B3BF2222539DEC0043F8FB /* Main.storyboard */ = {
			isa = PBXVariantGroup;
			children = (
				76B3BF2322539DEC0043F8FB /* Base */,
			);
			name = Main.storyboard;
			sourceTree = "<group>";
		};
		76B3BF2722539DEC0043F8FB /* LaunchScreen.storyboard */ = {
			isa = PBXVariantGroup;
			children = (
				76B3BF2822539DEC0043F8FB /* Base */,
			);
			name = LaunchScreen.storyboard;
			sourceTree = "<group>";
		};
/* End PBXVariantGroup section */

/* Begin XCBuildConfiguration section */
		76B3BF2B22539DEC0043F8FB /* Debug */ = {
			isa = XCBuildConfiguration;
			buildSettings = {
				ALWAYS_SEARCH_USER_PATHS = NO;
				CLANG_ANALYZER_NONNULL = YES;
				CLANG_ANALYZER_NUMBER_OBJECT_CONVERSION = YES_AGGRESSIVE;
				CLANG_CXX_LANGUAGE_STANDARD = "gnu++14";
				CLANG_CXX_LIBRARY = "libc++";
				CLANG_ENABLE_MODULES = YES;
				CLANG_ENABLE_OBJC_ARC = YES;
				CLANG_ENABLE_OBJC_WEAK = YES;
				CLANG_WARN_BLOCK_CAPTURE_AUTORELEASING = YES;
				CLANG_WARN_BOOL_CONVERSION = YES;
				CLANG_WARN_COMMA = YES;
				CLANG_WARN_CONSTANT_CONVERSION = YES;
				CLANG_WARN_DEPRECATED_OBJC_IMPLEMENTATIONS = YES;
				CLANG_WARN_DIRECT_OBJC_ISA_USAGE = YES_ERROR;
				CLANG_WARN_DOCUMENTATION_COMMENTS = YES;
				CLANG_WARN_EMPTY_BODY = YES;
				CLANG_WARN_ENUM_CONVERSION = YES;
				CLANG_WARN_INFINITE_RECURSION = YES;
				CLANG_WARN_INT_CONVERSION = YES;
				CLANG_WARN_NON_LITERAL_NULL_CONVERSION = YES;
				CLANG_WARN_OBJC_IMPLICIT_RETAIN_SELF = YES;
				CLANG_WARN_OBJC_LITERAL_CONVERSION = YES;
				CLANG_WARN_OBJC_ROOT_CLASS = YES_ERROR;
				CLANG_WARN_RANGE_LOOP_ANALYSIS = YES;
				CLANG_WARN_STRICT_PROTOTYPES = YES;
				CLANG_WARN_SUSPICIOUS_MOVE = YES;
				CLANG_WARN_UNGUARDED_AVAILABILITY = YES_AGGRESSIVE;
				CLANG_WARN_UNREACHABLE_CODE = YES;
				CLANG_WARN__DUPLICATE_METHOD_MATCH = YES;
				CODE_SIGN_IDENTITY = "iPhone Developer";
				COPY_PHASE_STRIP = NO;
				DEBUG_INFORMATION_FORMAT = dwarf;
				ENABLE_STRICT_OBJC_MSGSEND = YES;
				ENABLE_TESTABILITY = YES;
				GCC_C_LANGUAGE_STANDARD = gnu11;
				GCC_DYNAMIC_NO_PIC = NO;
				GCC_NO_COMMON_BLOCKS = YES;
				GCC_OPTIMIZATION_LEVEL = 0;
				GCC_PREPROCESSOR_DEFINITIONS = (
					"DEBUG=1",
					"$(inherited)",
				);
				GCC_WARN_64_TO_32_BIT_CONVERSION = YES;
				GCC_WARN_ABOUT_RETURN_TYPE = YES_ERROR;
				GCC_WARN_UNDECLARED_SELECTOR = YES;
				GCC_WARN_UNINITIALIZED_AUTOS = YES_AGGRESSIVE;
				GCC_WARN_UNUSED_FUNCTION = YES;
				GCC_WARN_UNUSED_VARIABLE = YES;
				IPHONEOS_DEPLOYMENT_TARGET = 12.1;
				MTL_ENABLE_DEBUG_INFO = INCLUDE_SOURCE;
				MTL_FAST_MATH = YES;
				ONLY_ACTIVE_ARCH = YES;
				SDKROOT = iphoneos;
				SWIFT_ACTIVE_COMPILATION_CONDITIONS = DEBUG;
				SWIFT_OPTIMIZATION_LEVEL = "-Onone";
			};
			name = Debug;
		};
		76B3BF2C22539DEC0043F8FB /* Release */ = {
			isa = XCBuildConfiguration;
			buildSettings = {
				ALWAYS_SEARCH_USER_PATHS = NO;
				CLANG_ANALYZER_NONNULL = YES;
				CLANG_ANALYZER_NUMBER_OBJECT_CONVERSION = YES_AGGRESSIVE;
				CLANG_CXX_LANGUAGE_STANDARD = "gnu++14";
				CLANG_CXX_LIBRARY = "libc++";
				CLANG_ENABLE_MODULES = YES;
				CLANG_ENABLE_OBJC_ARC = YES;
				CLANG_ENABLE_OBJC_WEAK = YES;
				CLANG_WARN_BLOCK_CAPTURE_AUTORELEASING = YES;
				CLANG_WARN_BOOL_CONVERSION = YES;
				CLANG_WARN_COMMA = YES;
				CLANG_WARN_CONSTANT_CONVERSION = YES;
				CLANG_WARN_DEPRECATED_OBJC_IMPLEMENTATIONS = YES;
				CLANG_WARN_DIRECT_OBJC_ISA_USAGE = YES_ERROR;
				CLANG_WARN_DOCUMENTATION_COMMENTS = YES;
				CLANG_WARN_EMPTY_BODY = YES;
				CLANG_WARN_ENUM_CONVERSION = YES;
				CLANG_WARN_INFINITE_RECURSION = YES;
				CLANG_WARN_INT_CONVERSION = YES;
				CLANG_WARN_NON_LITERAL_NULL_CONVERSION = YES;
				CLANG_WARN_OBJC_IMPLICIT_RETAIN_SELF = YES;
				CLANG_WARN_OBJC_LITERAL_CONVERSION = YES;
				CLANG_WARN_OBJC_ROOT_CLASS = YES_ERROR;
				CLANG_WARN_RANGE_LOOP_ANALYSIS = YES;
				CLANG_WARN_STRICT_PROTOTYPES = YES;
				CLANG_WARN_SUSPICIOUS_MOVE = YES;
				CLANG_WARN_UNGUARDED_AVAILABILITY = YES_AGGRESSIVE;
				CLANG_WARN_UNREACHABLE_CODE = YES;
				CLANG_WARN__DUPLICATE_METHOD_MATCH = YES;
				CODE_SIGN_IDENTITY = "iPhone Developer";
				COPY_PHASE_STRIP = NO;
				DEBUG_INFORMATION_FORMAT = "dwarf-with-dsym";
				ENABLE_NS_ASSERTIONS = NO;
				ENABLE_STRICT_OBJC_MSGSEND = YES;
				GCC_C_LANGUAGE_STANDARD = gnu11;
				GCC_NO_COMMON_BLOCKS = YES;
				GCC_WARN_64_TO_32_BIT_CONVERSION = YES;
				GCC_WARN_ABOUT_RETURN_TYPE = YES_ERROR;
				GCC_WARN_UNDECLARED_SELECTOR = YES;
				GCC_WARN_UNINITIALIZED_AUTOS = YES_AGGRESSIVE;
				GCC_WARN_UNUSED_FUNCTION = YES;
				GCC_WARN_UNUSED_VARIABLE = YES;
				IPHONEOS_DEPLOYMENT_TARGET = 12.1;
				MTL_ENABLE_DEBUG_INFO = NO;
				MTL_FAST_MATH = YES;
				SDKROOT = iphoneos;
				SWIFT_COMPILATION_MODE = wholemodule;
				SWIFT_OPTIMIZATION_LEVEL = "-O";
				VALIDATE_PRODUCT = YES;
			};
			name = Release;
		};
		76B3BF2E22539DEC0043F8FB /* Debug */ = {
			isa = XCBuildConfiguration;
			baseConfigurationReference = AE5556DCD3845A92098471FD /* Pods-VDPlayer.debug.xcconfig */;
			buildSettings = {
				ASSETCATALOG_COMPILER_APPICON_NAME = AppIcon;
				CLANG_ENABLE_MODULES = YES;
				CLANG_ENABLE_OBJC_ARC = YES;
				CLANG_LINK_OBJC_RUNTIME = YES;
				CODE_SIGN_STYLE = Automatic;
				DEVELOPMENT_TEAM = NNBDF3Y47L;
				ENABLE_BITCODE = NO;
				GCC_ENABLE_OBJC_EXCEPTIONS = YES;
				INFOPLIST_FILE = "$(SRCROOT)/Demo/Info.plist";
				IPHONEOS_DEPLOYMENT_TARGET = 8.4;
				LD_RUNPATH_SEARCH_PATHS = (
					"$(inherited)",
					"@executable_path/Frameworks",
				);
				PRODUCT_BUNDLE_IDENTIFIER = xyz.nvar.VDPlayer;
				PRODUCT_NAME = "$(TARGET_NAME)";
				SWIFT_INSTALL_OBJC_HEADER = YES;
				SWIFT_OBJC_BRIDGING_HEADER = "VDPlayer/Core/VDPlayer-Bridging-Header.h";
				SWIFT_OBJC_INTERFACE_HEADER_NAME = "VDPlayer/VDPlayer-Swift.h";
				SWIFT_OPTIMIZATION_LEVEL = "-Onone";
				SWIFT_VERSION = 4.2;
				TARGETED_DEVICE_FAMILY = "1,2";
			};
			name = Debug;
		};
		76B3BF2F22539DEC0043F8FB /* Release */ = {
			isa = XCBuildConfiguration;
			baseConfigurationReference = EE0B3015BC3E3596FF3D6656 /* Pods-VDPlayer.release.xcconfig */;
			buildSettings = {
				ASSETCATALOG_COMPILER_APPICON_NAME = AppIcon;
				CLANG_ENABLE_MODULES = YES;
				CLANG_ENABLE_OBJC_ARC = YES;
				CLANG_LINK_OBJC_RUNTIME = YES;
				CODE_SIGN_STYLE = Automatic;
				DEVELOPMENT_TEAM = NNBDF3Y47L;
				ENABLE_BITCODE = NO;
				GCC_ENABLE_OBJC_EXCEPTIONS = YES;
				INFOPLIST_FILE = "$(SRCROOT)/Demo/Info.plist";
				IPHONEOS_DEPLOYMENT_TARGET = 8.4;
				LD_RUNPATH_SEARCH_PATHS = (
					"$(inherited)",
					"@executable_path/Frameworks",
				);
				PRODUCT_BUNDLE_IDENTIFIER = xyz.nvar.VDPlayer;
				PRODUCT_NAME = "$(TARGET_NAME)";
				SWIFT_INSTALL_OBJC_HEADER = YES;
				SWIFT_OBJC_BRIDGING_HEADER = "VDPlayer/Core/VDPlayer-Bridging-Header.h";
				SWIFT_OBJC_INTERFACE_HEADER_NAME = "VDPlayer/VDPlayer-Swift.h";
				SWIFT_VERSION = 4.2;
				TARGETED_DEVICE_FAMILY = "1,2";
			};
			name = Release;
		};
/* End XCBuildConfiguration section */

/* Begin XCConfigurationList section */
		76B3BF1622539DEC0043F8FB /* Build configuration list for PBXProject "VDPlayer" */ = {
			isa = XCConfigurationList;
			buildConfigurations = (
				76B3BF2B22539DEC0043F8FB /* Debug */,
				76B3BF2C22539DEC0043F8FB /* Release */,
			);
			defaultConfigurationIsVisible = 0;
			defaultConfigurationName = Release;
		};
		76B3BF2D22539DEC0043F8FB /* Build configuration list for PBXNativeTarget "VDPlayer" */ = {
			isa = XCConfigurationList;
			buildConfigurations = (
				76B3BF2E22539DEC0043F8FB /* Debug */,
				76B3BF2F22539DEC0043F8FB /* Release */,
			);
			defaultConfigurationIsVisible = 0;
			defaultConfigurationName = Release;
		};
/* End XCConfigurationList section */
	};
	rootObject = 76B3BF1322539DEC0043F8FB /* Project object */;
}
